// !$*UTF8*$!
{
	archiveVersion = 1;
	classes = {
	};
	objectVersion = 55;
	objects = {

/* Begin PBXBuildFile section */
		4424CDDD282EA45C006B79BE /* GoogleService-Info.plist in Resources */ = {isa = PBXBuildFile; fileRef = 4424CDDC282EA45C006B79BE /* GoogleService-Info.plist */; };
		4424CDE0282EA8D0006B79BE /* FirebaseAnalytics in Frameworks */ = {isa = PBXBuildFile; productRef = 4424CDDF282EA8D0006B79BE /* FirebaseAnalytics */; };
		4424CDE2282EA8D0006B79BE /* FirebaseAuth in Frameworks */ = {isa = PBXBuildFile; productRef = 4424CDE1282EA8D0006B79BE /* FirebaseAuth */; };
		4424CDE4282EA8D0006B79BE /* FirebaseDatabase in Frameworks */ = {isa = PBXBuildFile; productRef = 4424CDE3282EA8D0006B79BE /* FirebaseDatabase */; };
		4424CDE6282EA8D0006B79BE /* FirebaseDatabaseSwift in Frameworks */ = {isa = PBXBuildFile; productRef = 4424CDE5282EA8D0006B79BE /* FirebaseDatabaseSwift */; };
		4424CDE8282EA8D0006B79BE /* FirebaseFirestore in Frameworks */ = {isa = PBXBuildFile; productRef = 4424CDE7282EA8D0006B79BE /* FirebaseFirestore */; };
		4424CDEA282EA8D0006B79BE /* FirebaseFirestoreSwift in Frameworks */ = {isa = PBXBuildFile; productRef = 4424CDE9282EA8D0006B79BE /* FirebaseFirestoreSwift */; };
		4424CDEC282EA8D0006B79BE /* FirebaseFunctions in Frameworks */ = {isa = PBXBuildFile; productRef = 4424CDEB282EA8D0006B79BE /* FirebaseFunctions */; };
		4424CDEE282EA8D0006B79BE /* FirebaseStorage in Frameworks */ = {isa = PBXBuildFile; productRef = 4424CDED282EA8D0006B79BE /* FirebaseStorage */; };
		443556942822A33E00733D20 /* DetailViewController.swift in Sources */ = {isa = PBXBuildFile; fileRef = 443556932822A33E00733D20 /* DetailViewController.swift */; };
		443556962822A7EF00733D20 /* GraphView.swift in Sources */ = {isa = PBXBuildFile; fileRef = 443556952822A7EF00733D20 /* GraphView.swift */; };
		44C5BF7F2814C9780042F8C5 /* ConnectionViewController.swift in Sources */ = {isa = PBXBuildFile; fileRef = 44C5BF7E2814C9780042F8C5 /* ConnectionViewController.swift */; };
		44E617422814931800FEE365 /* AppDelegate.swift in Sources */ = {isa = PBXBuildFile; fileRef = 44E617412814931800FEE365 /* AppDelegate.swift */; };
		44E617442814931800FEE365 /* SceneDelegate.swift in Sources */ = {isa = PBXBuildFile; fileRef = 44E617432814931800FEE365 /* SceneDelegate.swift */; };
		44E617492814931800FEE365 /* Main.storyboard in Resources */ = {isa = PBXBuildFile; fileRef = 44E617472814931800FEE365 /* Main.storyboard */; };
		44E6174B2814931900FEE365 /* Assets.xcassets in Resources */ = {isa = PBXBuildFile; fileRef = 44E6174A2814931900FEE365 /* Assets.xcassets */; };
		44E6174E2814931900FEE365 /* LaunchScreen.storyboard in Resources */ = {isa = PBXBuildFile; fileRef = 44E6174C2814931900FEE365 /* LaunchScreen.storyboard */; };
		44E6175628149FF300FEE365 /* MonitorCollectionViewController.swift in Sources */ = {isa = PBXBuildFile; fileRef = 44E6175528149FF300FEE365 /* MonitorCollectionViewController.swift */; };
		44E617582814A07E00FEE365 /* AuthViewController.swift in Sources */ = {isa = PBXBuildFile; fileRef = 44E617572814A07E00FEE365 /* AuthViewController.swift */; };
		44E6175A2814BA2100FEE365 /* ComputerCell.swift in Sources */ = {isa = PBXBuildFile; fileRef = 44E617592814BA2100FEE365 /* ComputerCell.swift */; };
		44E6175C2814C28600FEE365 /* TabBarController.swift in Sources */ = {isa = PBXBuildFile; fileRef = 44E6175B2814C28600FEE365 /* TabBarController.swift */; };
/* End PBXBuildFile section */

/* Begin PBXFileReference section */
		4424CDDC282EA45C006B79BE /* GoogleService-Info.plist */ = {isa = PBXFileReference; fileEncoding = 4; lastKnownFileType = text.plist.xml; path = "GoogleService-Info.plist"; sourceTree = "<group>"; };
		443556932822A33E00733D20 /* DetailViewController.swift */ = {isa = PBXFileReference; lastKnownFileType = sourcecode.swift; path = DetailViewController.swift; sourceTree = "<group>"; };
		443556952822A7EF00733D20 /* GraphView.swift */ = {isa = PBXFileReference; lastKnownFileType = sourcecode.swift; path = GraphView.swift; sourceTree = "<group>"; };
		44C5BF7E2814C9780042F8C5 /* ConnectionViewController.swift */ = {isa = PBXFileReference; lastKnownFileType = sourcecode.swift; path = ConnectionViewController.swift; sourceTree = "<group>"; };
		44E6173E2814931800FEE365 /* TempMonitor.app */ = {isa = PBXFileReference; explicitFileType = wrapper.application; includeInIndex = 0; path = TempMonitor.app; sourceTree = BUILT_PRODUCTS_DIR; };
		44E617412814931800FEE365 /* AppDelegate.swift */ = {isa = PBXFileReference; lastKnownFileType = sourcecode.swift; path = AppDelegate.swift; sourceTree = "<group>"; };
		44E617432814931800FEE365 /* SceneDelegate.swift */ = {isa = PBXFileReference; lastKnownFileType = sourcecode.swift; path = SceneDelegate.swift; sourceTree = "<group>"; };
		44E617482814931800FEE365 /* Base */ = {isa = PBXFileReference; lastKnownFileType = file.storyboard; name = Base; path = Base.lproj/Main.storyboard; sourceTree = "<group>"; };
		44E6174A2814931900FEE365 /* Assets.xcassets */ = {isa = PBXFileReference; lastKnownFileType = folder.assetcatalog; path = Assets.xcassets; sourceTree = "<group>"; };
		44E6174D2814931900FEE365 /* Base */ = {isa = PBXFileReference; lastKnownFileType = file.storyboard; name = Base; path = Base.lproj/LaunchScreen.storyboard; sourceTree = "<group>"; };
		44E6174F2814931900FEE365 /* Info.plist */ = {isa = PBXFileReference; lastKnownFileType = text.plist.xml; path = Info.plist; sourceTree = "<group>"; };
		44E6175528149FF300FEE365 /* MonitorCollectionViewController.swift */ = {isa = PBXFileReference; lastKnownFileType = sourcecode.swift; path = MonitorCollectionViewController.swift; sourceTree = "<group>"; };
		44E617572814A07E00FEE365 /* AuthViewController.swift */ = {isa = PBXFileReference; lastKnownFileType = sourcecode.swift; path = AuthViewController.swift; sourceTree = "<group>"; };
		44E617592814BA2100FEE365 /* ComputerCell.swift */ = {isa = PBXFileReference; lastKnownFileType = sourcecode.swift; path = ComputerCell.swift; sourceTree = "<group>"; };
		44E6175B2814C28600FEE365 /* TabBarController.swift */ = {isa = PBXFileReference; lastKnownFileType = sourcecode.swift; path = TabBarController.swift; sourceTree = "<group>"; };
/* End PBXFileReference section */

/* Begin PBXFrameworksBuildPhase section */
		44E6173B2814931800FEE365 /* Frameworks */ = {
			isa = PBXFrameworksBuildPhase;
			buildActionMask = 2147483647;
			files = (
				4424CDE6282EA8D0006B79BE /* FirebaseDatabaseSwift in Frameworks */,
				4424CDEC282EA8D0006B79BE /* FirebaseFunctions in Frameworks */,
				4424CDE4282EA8D0006B79BE /* FirebaseDatabase in Frameworks */,
				4424CDE0282EA8D0006B79BE /* FirebaseAnalytics in Frameworks */,
				4424CDE8282EA8D0006B79BE /* FirebaseFirestore in Frameworks */,
				4424CDEE282EA8D0006B79BE /* FirebaseStorage in Frameworks */,
				4424CDE2282EA8D0006B79BE /* FirebaseAuth in Frameworks */,
				4424CDEA282EA8D0006B79BE /* FirebaseFirestoreSwift in Frameworks */,
			);
			runOnlyForDeploymentPostprocessing = 0;
		};
/* End PBXFrameworksBuildPhase section */

/* Begin PBXGroup section */
		44E617352814931800FEE365 = {
			isa = PBXGroup;
			children = (
				44E617402814931800FEE365 /* TempMonitor */,
				44E6173F2814931800FEE365 /* Products */,
			);
			sourceTree = "<group>";
		};
		44E6173F2814931800FEE365 /* Products */ = {
			isa = PBXGroup;
			children = (
				44E6173E2814931800FEE365 /* TempMonitor.app */,
			);
			name = Products;
			sourceTree = "<group>";
		};
		44E617402814931800FEE365 /* TempMonitor */ = {
			isa = PBXGroup;
			children = (
				44E617412814931800FEE365 /* AppDelegate.swift */,
				44E617432814931800FEE365 /* SceneDelegate.swift */,
				44E6175528149FF300FEE365 /* MonitorCollectionViewController.swift */,
				44E617472814931800FEE365 /* Main.storyboard */,
				443556952822A7EF00733D20 /* GraphView.swift */,
				443556932822A33E00733D20 /* DetailViewController.swift */,
				44C5BF7E2814C9780042F8C5 /* ConnectionViewController.swift */,
				44E6175B2814C28600FEE365 /* TabBarController.swift */,
				44E617592814BA2100FEE365 /* ComputerCell.swift */,
				44E617572814A07E00FEE365 /* AuthViewController.swift */,
				44E6174A2814931900FEE365 /* Assets.xcassets */,
				44E6174C2814931900FEE365 /* LaunchScreen.storyboard */,
				44E6174F2814931900FEE365 /* Info.plist */,
				4424CDDC282EA45C006B79BE /* GoogleService-Info.plist */,
			);
			path = TempMonitor;
			sourceTree = "<group>";
		};
/* End PBXGroup section */

/* Begin PBXNativeTarget section */
		44E6173D2814931800FEE365 /* TempMonitor */ = {
			isa = PBXNativeTarget;
			buildConfigurationList = 44E617522814931900FEE365 /* Build configuration list for PBXNativeTarget "TempMonitor" */;
			buildPhases = (
				44E6173A2814931800FEE365 /* Sources */,
				44E6173B2814931800FEE365 /* Frameworks */,
				44E6173C2814931800FEE365 /* Resources */,
			);
			buildRules = (
			);
			dependencies = (
			);
			name = TempMonitor;
			packageProductDependencies = (
				4424CDDF282EA8D0006B79BE /* FirebaseAnalytics */,
				4424CDE1282EA8D0006B79BE /* FirebaseAuth */,
				4424CDE3282EA8D0006B79BE /* FirebaseDatabase */,
				4424CDE5282EA8D0006B79BE /* FirebaseDatabaseSwift */,
				4424CDE7282EA8D0006B79BE /* FirebaseFirestore */,
				4424CDE9282EA8D0006B79BE /* FirebaseFirestoreSwift */,
				4424CDEB282EA8D0006B79BE /* FirebaseFunctions */,
				4424CDED282EA8D0006B79BE /* FirebaseStorage */,
			);
			productName = TempMonitor;
			productReference = 44E6173E2814931800FEE365 /* TempMonitor.app */;
			productType = "com.apple.product-type.application";
		};
/* End PBXNativeTarget section */

/* Begin PBXProject section */
		44E617362814931800FEE365 /* Project object */ = {
			isa = PBXProject;
			attributes = {
				BuildIndependentTargetsInParallel = 1;
				LastSwiftUpdateCheck = 1320;
				LastUpgradeCheck = 1320;
				TargetAttributes = {
					44E6173D2814931800FEE365 = {
						CreatedOnToolsVersion = 13.2.1;
					};
				};
			};
			buildConfigurationList = 44E617392814931800FEE365 /* Build configuration list for PBXProject "TempMonitor" */;
			compatibilityVersion = "Xcode 13.0";
			developmentRegion = en;
			hasScannedForEncodings = 0;
			knownRegions = (
				en,
				Base,
			);
			mainGroup = 44E617352814931800FEE365;
			packageReferences = (
				4424CDDE282EA8D0006B79BE /* XCRemoteSwiftPackageReference "firebase-ios-sdk" */,
			);
			productRefGroup = 44E6173F2814931800FEE365 /* Products */;
			projectDirPath = "";
			projectRoot = "";
			targets = (
				44E6173D2814931800FEE365 /* TempMonitor */,
			);
		};
/* End PBXProject section */

/* Begin PBXResourcesBuildPhase section */
		44E6173C2814931800FEE365 /* Resources */ = {
			isa = PBXResourcesBuildPhase;
			buildActionMask = 2147483647;
			files = (
				44E6174E2814931900FEE365 /* LaunchScreen.storyboard in Resources */,
				4424CDDD282EA45C006B79BE /* GoogleService-Info.plist in Resources */,
				44E6174B2814931900FEE365 /* Assets.xcassets in Resources */,
				44E617492814931800FEE365 /* Main.storyboard in Resources */,
			);
			runOnlyForDeploymentPostprocessing = 0;
		};
/* End PBXResourcesBuildPhase section */

/* Begin PBXSourcesBuildPhase section */
		44E6173A2814931800FEE365 /* Sources */ = {
			isa = PBXSourcesBuildPhase;
			buildActionMask = 2147483647;
			files = (
				44E617582814A07E00FEE365 /* AuthViewController.swift in Sources */,
				44C5BF7F2814C9780042F8C5 /* ConnectionViewController.swift in Sources */,
				443556962822A7EF00733D20 /* GraphView.swift in Sources */,
				44E617422814931800FEE365 /* AppDelegate.swift in Sources */,
				44E617442814931800FEE365 /* SceneDelegate.swift in Sources */,
				44E6175C2814C28600FEE365 /* TabBarController.swift in Sources */,
				44E6175A2814BA2100FEE365 /* ComputerCell.swift in Sources */,
				44E6175628149FF300FEE365 /* MonitorCollectionViewController.swift in Sources */,
				443556942822A33E00733D20 /* DetailViewController.swift in Sources */,
			);
			runOnlyForDeploymentPostprocessing = 0;
		};
/* End PBXSourcesBuildPhase section */

/* Begin PBXVariantGroup section */
		44E617472814931800FEE365 /* Main.storyboard */ = {
			isa = PBXVariantGroup;
			children = (
				44E617482814931800FEE365 /* Base */,
			);
			name = Main.storyboard;
			sourceTree = "<group>";
		};
		44E6174C2814931900FEE365 /* LaunchScreen.storyboard */ = {
			isa = PBXVariantGroup;
			children = (
				44E6174D2814931900FEE365 /* Base */,
			);
			name = LaunchScreen.storyboard;
			sourceTree = "<group>";
		};
/* End PBXVariantGroup section */

/* Begin XCBuildConfiguration section */
		44E617502814931900FEE365 /* Debug */ = {
			isa = XCBuildConfiguration;
			buildSettings = {
				ALWAYS_SEARCH_USER_PATHS = NO;
				CLANG_ANALYZER_NONNULL = YES;
				CLANG_ANALYZER_NUMBER_OBJECT_CONVERSION = YES_AGGRESSIVE;
				CLANG_CXX_LANGUAGE_STANDARD = "gnu++17";
				CLANG_CXX_LIBRARY = "libc++";
				CLANG_ENABLE_MODULES = YES;
				CLANG_ENABLE_OBJC_ARC = YES;
				CLANG_ENABLE_OBJC_WEAK = YES;
				CLANG_WARN_BLOCK_CAPTURE_AUTORELEASING = YES;
				CLANG_WARN_BOOL_CONVERSION = YES;
				CLANG_WARN_COMMA = YES;
				CLANG_WARN_CONSTANT_CONVERSION = YES;
				CLANG_WARN_DEPRECATED_OBJC_IMPLEMENTATIONS = YES;
				CLANG_WARN_DIRECT_OBJC_ISA_USAGE = YES_ERROR;
				CLANG_WARN_DOCUMENTATION_COMMENTS = YES;
				CLANG_WARN_EMPTY_BODY = YES;
				CLANG_WARN_ENUM_CONVERSION = YES;
				CLANG_WARN_INFINITE_RECURSION = YES;
				CLANG_WARN_INT_CONVERSION = YES;
				CLANG_WARN_NON_LITERAL_NULL_CONVERSION = YES;
				CLANG_WARN_OBJC_IMPLICIT_RETAIN_SELF = YES;
				CLANG_WARN_OBJC_LITERAL_CONVERSION = YES;
				CLANG_WARN_OBJC_ROOT_CLASS = YES_ERROR;
				CLANG_WARN_QUOTED_INCLUDE_IN_FRAMEWORK_HEADER = YES;
				CLANG_WARN_RANGE_LOOP_ANALYSIS = YES;
				CLANG_WARN_STRICT_PROTOTYPES = YES;
				CLANG_WARN_SUSPICIOUS_MOVE = YES;
				CLANG_WARN_UNGUARDED_AVAILABILITY = YES_AGGRESSIVE;
				CLANG_WARN_UNREACHABLE_CODE = YES;
				CLANG_WARN__DUPLICATE_METHOD_MATCH = YES;
				COPY_PHASE_STRIP = NO;
				DEBUG_INFORMATION_FORMAT = dwarf;
				ENABLE_STRICT_OBJC_MSGSEND = YES;
				ENABLE_TESTABILITY = YES;
				GCC_C_LANGUAGE_STANDARD = gnu11;
				GCC_DYNAMIC_NO_PIC = NO;
				GCC_NO_COMMON_BLOCKS = YES;
				GCC_OPTIMIZATION_LEVEL = 0;
				GCC_PREPROCESSOR_DEFINITIONS = (
					"DEBUG=1",
					"$(inherited)",
				);
				GCC_WARN_64_TO_32_BIT_CONVERSION = YES;
				GCC_WARN_ABOUT_RETURN_TYPE = YES_ERROR;
				GCC_WARN_UNDECLARED_SELECTOR = YES;
				GCC_WARN_UNINITIALIZED_AUTOS = YES_AGGRESSIVE;
				GCC_WARN_UNUSED_FUNCTION = YES;
				GCC_WARN_UNUSED_VARIABLE = YES;
				IPHONEOS_DEPLOYMENT_TARGET = 15.2;
				MTL_ENABLE_DEBUG_INFO = INCLUDE_SOURCE;
				MTL_FAST_MATH = YES;
				ONLY_ACTIVE_ARCH = YES;
				SDKROOT = iphoneos;
				SWIFT_ACTIVE_COMPILATION_CONDITIONS = DEBUG;
				SWIFT_OPTIMIZATION_LEVEL = "-Onone";
			};
			name = Debug;
		};
		44E617512814931900FEE365 /* Release */ = {
			isa = XCBuildConfiguration;
			buildSettings = {
				ALWAYS_SEARCH_USER_PATHS = NO;
				CLANG_ANALYZER_NONNULL = YES;
				CLANG_ANALYZER_NUMBER_OBJECT_CONVERSION = YES_AGGRESSIVE;
				CLANG_CXX_LANGUAGE_STANDARD = "gnu++17";
				CLANG_CXX_LIBRARY = "libc++";
				CLANG_ENABLE_MODULES = YES;
				CLANG_ENABLE_OBJC_ARC = YES;
				CLANG_ENABLE_OBJC_WEAK = YES;
				CLANG_WARN_BLOCK_CAPTURE_AUTORELEASING = YES;
				CLANG_WARN_BOOL_CONVERSION = YES;
				CLANG_WARN_COMMA = YES;
				CLANG_WARN_CONSTANT_CONVERSION = YES;
				CLANG_WARN_DEPRECATED_OBJC_IMPLEMENTATIONS = YES;
				CLANG_WARN_DIRECT_OBJC_ISA_USAGE = YES_ERROR;
				CLANG_WARN_DOCUMENTATION_COMMENTS = YES;
				CLANG_WARN_EMPTY_BODY = YES;
				CLANG_WARN_ENUM_CONVERSION = YES;
				CLANG_WARN_INFINITE_RECURSION = YES;
				CLANG_WARN_INT_CONVERSION = YES;
				CLANG_WARN_NON_LITERAL_NULL_CONVERSION = YES;
				CLANG_WARN_OBJC_IMPLICIT_RETAIN_SELF = YES;
				CLANG_WARN_OBJC_LITERAL_CONVERSION = YES;
				CLANG_WARN_OBJC_ROOT_CLASS = YES_ERROR;
				CLANG_WARN_QUOTED_INCLUDE_IN_FRAMEWORK_HEADER = YES;
				CLANG_WARN_RANGE_LOOP_ANALYSIS = YES;
				CLANG_WARN_STRICT_PROTOTYPES = YES;
				CLANG_WARN_SUSPICIOUS_MOVE = YES;
				CLANG_WARN_UNGUARDED_AVAILABILITY = YES_AGGRESSIVE;
				CLANG_WARN_UNREACHABLE_CODE = YES;
				CLANG_WARN__DUPLICATE_METHOD_MATCH = YES;
				COPY_PHASE_STRIP = NO;
				DEBUG_INFORMATION_FORMAT = "dwarf-with-dsym";
				ENABLE_NS_ASSERTIONS = NO;
				ENABLE_STRICT_OBJC_MSGSEND = YES;
				GCC_C_LANGUAGE_STANDARD = gnu11;
				GCC_NO_COMMON_BLOCKS = YES;
				GCC_WARN_64_TO_32_BIT_CONVERSION = YES;
				GCC_WARN_ABOUT_RETURN_TYPE = YES_ERROR;
				GCC_WARN_UNDECLARED_SELECTOR = YES;
				GCC_WARN_UNINITIALIZED_AUTOS = YES_AGGRESSIVE;
				GCC_WARN_UNUSED_FUNCTION = YES;
				GCC_WARN_UNUSED_VARIABLE = YES;
				IPHONEOS_DEPLOYMENT_TARGET = 15.2;
				MTL_ENABLE_DEBUG_INFO = NO;
				MTL_FAST_MATH = YES;
				SDKROOT = iphoneos;
				SWIFT_COMPILATION_MODE = wholemodule;
				SWIFT_OPTIMIZATION_LEVEL = "-O";
				VALIDATE_PRODUCT = YES;
			};
			name = Release;
		};
		44E617532814931900FEE365 /* Debug */ = {
			isa = XCBuildConfiguration;
			buildSettings = {
				ASSETCATALOG_COMPILER_APPICON_NAME = AppIcon;
				ASSETCATALOG_COMPILER_GLOBAL_ACCENT_COLOR_NAME = AccentColor;
				CODE_SIGN_STYLE = Automatic;
				CURRENT_PROJECT_VERSION = 1;
				DEVELOPMENT_TEAM = B5355ACBW4;
				GENERATE_INFOPLIST_FILE = YES;
				INFOPLIST_FILE = TempMonitor/Info.plist;
				INFOPLIST_KEY_UIApplicationSupportsIndirectInputEvents = YES;
				INFOPLIST_KEY_UILaunchStoryboardName = LaunchScreen;
				INFOPLIST_KEY_UIMainStoryboardFile = Main;
				INFOPLIST_KEY_UISupportedInterfaceOrientations_iPad = "UIInterfaceOrientationPortrait UIInterfaceOrientationPortraitUpsideDown UIInterfaceOrientationLandscapeLeft UIInterfaceOrientationLandscapeRight";
				INFOPLIST_KEY_UISupportedInterfaceOrientations_iPhone = "UIInterfaceOrientationPortrait UIInterfaceOrientationLandscapeLeft UIInterfaceOrientationLandscapeRight";
				IPHONEOS_DEPLOYMENT_TARGET = 15.2;
				LD_RUNPATH_SEARCH_PATHS = (
					"$(inherited)",
					"@executable_path/Frameworks",
				);
				MARKETING_VERSION = 1.0;
				PRODUCT_BUNDLE_IDENTIFIER = com.alexshomnikov.TempMonitor;
				PRODUCT_NAME = "$(TARGET_NAME)";
				SWIFT_EMIT_LOC_STRINGS = YES;
				SWIFT_VERSION = 5.0;
				TARGETED_DEVICE_FAMILY = 1;
			};
			name = Debug;
		};
		44E617542814931900FEE365 /* Release */ = {
			isa = XCBuildConfiguration;
			buildSettings = {
				ASSETCATALOG_COMPILER_APPICON_NAME = AppIcon;
				ASSETCATALOG_COMPILER_GLOBAL_ACCENT_COLOR_NAME = AccentColor;
				CODE_SIGN_STYLE = Automatic;
				CURRENT_PROJECT_VERSION = 1;
				DEVELOPMENT_TEAM = B5355ACBW4;
				GENERATE_INFOPLIST_FILE = YES;
				INFOPLIST_FILE = TempMonitor/Info.plist;
				INFOPLIST_KEY_UIApplicationSupportsIndirectInputEvents = YES;
				INFOPLIST_KEY_UILaunchStoryboardName = LaunchScreen;
				INFOPLIST_KEY_UIMainStoryboardFile = Main;
				INFOPLIST_KEY_UISupportedInterfaceOrientations_iPad = "UIInterfaceOrientationPortrait UIInterfaceOrientationPortraitUpsideDown UIInterfaceOrientationLandscapeLeft UIInterfaceOrientationLandscapeRight";
				INFOPLIST_KEY_UISupportedInterfaceOrientations_iPhone = "UIInterfaceOrientationPortrait UIInterfaceOrientationLandscapeLeft UIInterfaceOrientationLandscapeRight";
				IPHONEOS_DEPLOYMENT_TARGET = 15.2;
				LD_RUNPATH_SEARCH_PATHS = (
					"$(inherited)",
					"@executable_path/Frameworks",
				);
				MARKETING_VERSION = 1.0;
				PRODUCT_BUNDLE_IDENTIFIER = com.alexshomnikov.TempMonitor;
				PRODUCT_NAME = "$(TARGET_NAME)";
				SWIFT_EMIT_LOC_STRINGS = YES;
				SWIFT_VERSION = 5.0;
				TARGETED_DEVICE_FAMILY = 1;
			};
			name = Release;
		};
/* End XCBuildConfiguration section */

/* Begin XCConfigurationList section */
		44E617392814931800FEE365 /* Build configuration list for PBXProject "TempMonitor" */ = {
			isa = XCConfigurationList;
			buildConfigurations = (
				44E617502814931900FEE365 /* Debug */,
				44E617512814931900FEE365 /* Release */,
			);
			defaultConfigurationIsVisible = 0;
			defaultConfigurationName = Release;
		};
		44E617522814931900FEE365 /* Build configuration list for PBXNativeTarget "TempMonitor" */ = {
			isa = XCConfigurationList;
			buildConfigurations = (
				44E617532814931900FEE365 /* Debug */,
				44E617542814931900FEE365 /* Release */,
			);
			defaultConfigurationIsVisible = 0;
			defaultConfigurationName = Release;
		};
/* End XCConfigurationList section */

/* Begin XCRemoteSwiftPackageReference section */
		4424CDDE282EA8D0006B79BE /* XCRemoteSwiftPackageReference "firebase-ios-sdk" */ = {
			isa = XCRemoteSwiftPackageReference;
			repositoryURL = "https://github.com/firebase/firebase-ios-sdk";
			requirement = {
				kind = upToNextMajorVersion;
				minimumVersion = 9.0.0;
			};
		};
/* End XCRemoteSwiftPackageReference section */

/* Begin XCSwiftPackageProductDependency section */
		4424CDDF282EA8D0006B79BE /* FirebaseAnalytics */ = {
			isa = XCSwiftPackageProductDependency;
			package = 4424CDDE282EA8D0006B79BE /* XCRemoteSwiftPackageReference "firebase-ios-sdk" */;
			productName = FirebaseAnalytics;
		};
		4424CDE1282EA8D0006B79BE /* FirebaseAuth */ = {
			isa = XCSwiftPackageProductDependency;
			package = 4424CDDE282EA8D0006B79BE /* XCRemoteSwiftPackageReference "firebase-ios-sdk" */;
			productName = FirebaseAuth;
		};
		4424CDE3282EA8D0006B79BE /* FirebaseDatabase */ = {
			isa = XCSwiftPackageProductDependency;
			package = 4424CDDE282EA8D0006B79BE /* XCRemoteSwiftPackageReference "firebase-ios-sdk" */;
			productName = FirebaseDatabase;
		};
		4424CDE5282EA8D0006B79BE /* FirebaseDatabaseSwift */ = {
			isa = XCSwiftPackageProductDependency;
			package = 4424CDDE282EA8D0006B79BE /* XCRemoteSwiftPackageReference "firebase-ios-sdk" */;
			productName = FirebaseDatabaseSwift;
		};
		4424CDE7282EA8D0006B79BE /* FirebaseFirestore */ = {
			isa = XCSwiftPackageProductDependency;
			package = 4424CDDE282EA8D0006B79BE /* XCRemoteSwiftPackageReference "firebase-ios-sdk" */;
			productName = FirebaseFirestore;
		};
		4424CDE9282EA8D0006B79BE /* FirebaseFirestoreSwift */ = {
			isa = XCSwiftPackageProductDependency;
			package = 4424CDDE282EA8D0006B79BE /* XCRemoteSwiftPackageReference "firebase-ios-sdk" */;
			productName = FirebaseFirestoreSwift;
		};
		4424CDEB282EA8D0006B79BE /* FirebaseFunctions */ = {
			isa = XCSwiftPackageProductDependency;
			package = 4424CDDE282EA8D0006B79BE /* XCRemoteSwiftPackageReference "firebase-ios-sdk" */;
			productName = FirebaseFunctions;
		};
		4424CDED282EA8D0006B79BE /* FirebaseStorage */ = {
			isa = XCSwiftPackageProductDependency;
			package = 4424CDDE282EA8D0006B79BE /* XCRemoteSwiftPackageReference "firebase-ios-sdk" */;
			productName = FirebaseStorage;
		};
/* End XCSwiftPackageProductDependency section */
	};
	rootObject = 44E617362814931800FEE365 /* Project object */;
}
